
Microsoft Visual Studio Solution File, Format Version 12.00
# Visual Studio 15
VisualStudioVersion = 15.0.27703.2000
MinimumVisualStudioVersion = 10.0.40219.1
Project("{FAE04EC0-301F-11D3-BF4B-00C04F79EFBC}") = "TrackerLibrary", "TrackerLibrary.csproj", "{9A599046-BDC8-40DF-94A5-F7EA50F086C8}"
EndProject
Global
	GlobalSection(SolutionConfigurationPlatforms) = preSolution
		Debug|Any CPU = Debug|Any CPU
		Release|Any CPU = Release|Any CPU
	EndGlobalSection
	GlobalSection(ProjectConfigurationPlatforms) = postSolution
		{9A599046-BDC8-40DF-94A5-F7EA50F086C8}.Debug|Any CPU.ActiveCfg = Debug|Any CPU
		{9A599046-BDC8-40DF-94A5-F7EA50F086C8}.Debug|Any CPU.Build.0 = Debug|Any CPU
		{9A599046-BDC8-40DF-94A5-F7EA50F086C8}.Release|Any CPU.ActiveCfg = Release|Any CPU
		{9A599046-BDC8-40DF-94A5-F7EA50F086C8}.Release|Any CPU.Build.0 = Release|Any CPU
	EndGlobalSection
	GlobalSection(SolutionProperties) = preSolution
		HideSolutionNode = FALSE
	EndGlobalSection
	GlobalSection(ExtensibilityGlobals) = postSolution
		SolutionGuid = {83D46CFD-CF13-4155-8B82-EE6BC4E73D95}
	EndGlobalSection
EndGlobal
